
Microsoft Visual Studio Solution File, Format Version 12.00
# Visual Studio Version 17
VisualStudioVersion = 17.9.34723.18
MinimumVisualStudioVersion = 10.0.40219.1
Project("{FAE04EC0-301F-11D3-BF4B-00C04F79EFBC}") = "VeryHard2", "VeryHard2\VeryHard2.csproj", "{02B55C88-669A-41B2-8848-0836E56472DF}"
EndProject
Global
	GlobalSection(SolutionConfigurationPlatforms) = preSolution
		Debug|Any CPU = Debug|Any CPU
		Release|Any CPU = Release|Any CPU
	EndGlobalSection
	GlobalSection(ProjectConfigurationPlatforms) = postSolution
		{02B55C88-669A-41B2-8848-0836E56472DF}.Debug|Any CPU.ActiveCfg = Debug|Any CPU
		{02B55C88-669A-41B2-8848-0836E56472DF}.Debug|Any CPU.Build.0 = Debug|Any CPU
		{02B55C88-669A-41B2-8848-0836E56472DF}.Release|Any CPU.ActiveCfg = Release|Any CPU
		{02B55C88-669A-41B2-8848-0836E56472DF}.Release|Any CPU.Build.0 = Release|Any CPU
	EndGlobalSection
	GlobalSection(SolutionProperties) = preSolution
		HideSolutionNode = FALSE
	EndGlobalSection
	GlobalSection(ExtensibilityGlobals) = postSolution
		SolutionGuid = {3BD31A61-B020-418D-9AE1-0BC0DB70C1C5}
	EndGlobalSection
EndGlobal
